
Microsoft Visual Studio Solution File, Format Version 12.00
# Visual Studio Version 16
VisualStudioVersion = 16.0.30804.86
MinimumVisualStudioVersion = 10.0.40219.1
Project("{FAE04EC0-301F-11D3-BF4B-00C04F79EFBC}") = "Suja-FusionAPI", "Suja-FusionAPI\Suja-FusionAPI.csproj", "{7A9CA1EE-7433-4AF0-9C62-494234E336FF}"
EndProject
Global
	GlobalSection(SolutionConfigurationPlatforms) = preSolution
		Debug|Any CPU = Debug|Any CPU
		Release|Any CPU = Release|Any CPU
	EndGlobalSection
	GlobalSection(ProjectConfigurationPlatforms) = postSolution
		{7A9CA1EE-7433-4AF0-9C62-494234E336FF}.Debug|Any CPU.ActiveCfg = Debug|Any CPU
		{7A9CA1EE-7433-4AF0-9C62-494234E336FF}.Debug|Any CPU.Build.0 = Debug|Any CPU
		{7A9CA1EE-7433-4AF0-9C62-494234E336FF}.Release|Any CPU.ActiveCfg = Release|Any CPU
		{7A9CA1EE-7433-4AF0-9C62-494234E336FF}.Release|Any CPU.Build.0 = Release|Any CPU
	EndGlobalSection
	GlobalSection(SolutionProperties) = preSolution
		HideSolutionNode = FALSE
	EndGlobalSection
	GlobalSection(ExtensibilityGlobals) = postSolution
		SolutionGuid = {8F35519E-E51D-41A4-9897-D2F6C61D499B}
	EndGlobalSection
EndGlobal
